
Microsoft Visual Studio Solution File, Format Version 12.00
# Visual Studio Version 17
VisualStudioVersion = 17.1.32319.34
MinimumVisualStudioVersion = 10.0.40219.1
Project("{FAE04EC0-301F-11D3-BF4B-00C04F79EFBC}") = "library-system", "library-system.csproj", "{37B91CB1-BDF2-4F51-A4A7-1497539406EA}"
EndProject
Global
	GlobalSection(SolutionConfigurationPlatforms) = preSolution
		Debug|Any CPU = Debug|Any CPU
		Release|Any CPU = Release|Any CPU
	EndGlobalSection
	GlobalSection(ProjectConfigurationPlatforms) = postSolution
		{37B91CB1-BDF2-4F51-A4A7-1497539406EA}.Debug|Any CPU.ActiveCfg = Debug|Any CPU
		{37B91CB1-BDF2-4F51-A4A7-1497539406EA}.Debug|Any CPU.Build.0 = Debug|Any CPU
		{37B91CB1-BDF2-4F51-A4A7-1497539406EA}.Release|Any CPU.ActiveCfg = Release|Any CPU
		{37B91CB1-BDF2-4F51-A4A7-1497539406EA}.Release|Any CPU.Build.0 = Release|Any CPU
	EndGlobalSection
	GlobalSection(SolutionProperties) = preSolution
		HideSolutionNode = FALSE
	EndGlobalSection
	GlobalSection(ExtensibilityGlobals) = postSolution
		SolutionGuid = {6264BF8B-5F49-4694-A8F8-0FAD86287F96}
	EndGlobalSection
EndGlobal
